{
  "requires": true,
  "lockfileVersion": 1,
  "dependencies": {
    "arr-diff": {
      "version": "4.0.0",
      "resolved": "https://registry.npmjs.org/arr-diff/-/arr-diff-4.0.0.tgz",
      "integrity": "sha1-1kYQdP6/7HHn4VI1dhoyml3HxSA="
    },
    "arr-flatten": {
      "version": "1.1.0",
      "resolved": "https://registry.npmjs.org/arr-flatten/-/arr-flatten-1.1.0.tgz",
      "integrity": "sha512-L3hKV5R/p5o81R7O02IGnwpDmkp6E982XhtbuwSe3O4qOtMMMtodicASA1Cny2U+aCXcNpml+m4dPsvsJ3jatg=="
    },
    "arr-union": {
      "version": "3.1.0",
      "resolved": "https://registry.npmjs.org/arr-union/-/arr-union-3.1.0.tgz",
      "integrity": "sha1-45sJrqne+Gao8gbiiK9jkZuuOcQ="
    },
    "array-unique": {
      "version": "0.3.2",
      "resolved": "https://registry.npmjs.org/array-unique/-/array-unique-0.3.2.tgz",
      "integrity": "sha1-qJS3XUvE9s1nnvMkSp/Y9Gri1Cg="
    },
    "atob": {
      "version": "2.0.3",
      "resolved": "https://registry.npmjs.org/atob/-/atob-2.0.3.tgz",
      "integrity": "sha1-GcenYEc3dEaPILLS0DNyrX1Mv10="
    },
    "awesome-typescript-loader": {
      "version": "3.2.3",
      "resolved": "https://registry.npmjs.org/awesome-typescript-loader/-/awesome-typescript-loader-3.2.3.tgz",
      "integrity": "sha512-zGGD6j6jYYtIOBtfhtnrbNB3dlDThVdgF9CQhkPqBwPUUsyJOHNxj9d2LOmVJY1PlBoNPABoDeyRfphIDeYGxA==",
      "requires": {
        "colors": "1.1.2",
        "enhanced-resolve": "3.3.0",
        "loader-utils": "1.1.0",
        "lodash": "4.17.4",
        "micromatch": "3.0.4",
        "mkdirp": "0.5.1",
        "object-assign": "4.1.1",
        "source-map-support": "0.4.15"
      }
    },
    "base": {
      "version": "0.11.1",
      "resolved": "https://registry.npmjs.org/base/-/base-0.11.1.tgz",
      "integrity": "sha1-s2p/ERE4U6NCoVaR2Y4tzIpswnA=",
      "requires": {
        "arr-union": "3.1.0",
        "cache-base": "0.8.5",
        "class-utils": "0.3.5",
        "component-emitter": "1.2.1",
        "define-property": "0.2.5",
        "isobject": "2.1.0",
        "lazy-cache": "2.0.2",
        "mixin-deep": "1.2.0",
        "pascalcase": "0.1.1"
      },
      "dependencies": {
        "define-property": {
          "version": "0.2.5",
          "resolved": "https://registry.npmjs.org/define-property/-/define-property-0.2.5.tgz",
          "integrity": "sha1-w1se+RjsPJkPmlvFe+BKrOxcgRY=",
          "requires": {
            "is-descriptor": "0.1.6"
          }
        },
        "is-descriptor": {
          "version": "0.1.6",
          "resolved": "https://registry.npmjs.org/is-descriptor/-/is-descriptor-0.1.6.tgz",
          "integrity": "sha512-avDYr0SB3DwO9zsMov0gKCESFYqCnE4hq/4z3TdUlukEy5t9C0YRq7HLrsN52NAcqXKaepeCD0n+B0arnVG3Hg==",
          "requires": {
            "is-accessor-descriptor": "0.1.6",
            "is-data-descriptor": "0.1.4",
            "kind-of": "5.0.2"
          }
        },
        "isobject": {
          "version": "2.1.0",
          "resolved": "https://registry.npmjs.org/isobject/-/isobject-2.1.0.tgz",
          "integrity": "sha1-8GVWEJaj8dou9GJy+BXIQNh+DIk=",
          "requires": {
            "isarray": "1.0.0"
          }
        },
        "kind-of": {
          "version": "5.0.2",
          "resolved": "https://registry.npmjs.org/kind-of/-/kind-of-5.0.2.tgz",
          "integrity": "sha512-ru8+TQHbN8956c7ZlkgK5Imjx0GMat3jN45GNIthpPeb+SzLrqSg/NG7llQtIqUTbrdu5Oi0lSnIoJmDTwwSzw=="
        }
      }
    },
    "big.js": {
      "version": "3.1.3",
      "resolved": "https://registry.npmjs.org/big.js/-/big.js-3.1.3.tgz",
      "integrity": "sha1-TK2iGTZS6zyp7I5VyQFWacmAaXg="
    },
    "braces": {
      "version": "2.2.2",
      "resolved": "https://registry.npmjs.org/braces/-/braces-2.2.2.tgz",
      "integrity": "sha1-JB+GjCsmkNn+vu5afIP7vyXQCxs=",
      "requires": {
        "arr-flatten": "1.1.0",
        "array-unique": "0.3.2",
        "define-property": "1.0.0",
        "extend-shallow": "2.0.1",
        "fill-range": "4.0.0",
        "isobject": "3.0.1",
        "repeat-element": "1.1.2",
        "snapdragon": "0.8.1",
        "snapdragon-node": "2.1.1",
        "split-string": "2.1.1",
        "to-regex": "3.0.1"
      }
    },
    "cache-base": {
      "version": "0.8.5",
      "resolved": "https://registry.npmjs.org/cache-base/-/cache-base-0.8.5.tgz",
      "integrity": "sha1-YM6zUEAh7O7HAR/TOEt/TpVym/o=",
      "requires": {
        "collection-visit": "0.2.3",
        "component-emitter": "1.2.1",
        "get-value": "2.0.6",
        "has-value": "0.3.1",
        "isobject": "3.0.1",
        "lazy-cache": "2.0.2",
        "set-value": "0.4.3",
        "to-object-path": "0.3.0",
        "union-value": "0.2.4",
        "unset-value": "0.1.2"
      }
    },
    "class-utils": {
      "version": "0.3.5",
      "resolved": "https://registry.npmjs.org/class-utils/-/class-utils-0.3.5.tgz",
      "integrity": "sha1-F+eTEDdQ+WJ7IXbqNM/RtWWQPIA=",
      "requires": {
        "arr-union": "3.1.0",
        "define-property": "0.2.5",
        "isobject": "3.0.1",
        "lazy-cache": "2.0.2",
        "static-extend": "0.1.2"
      },
      "dependencies": {
        "define-property": {
          "version": "0.2.5",
          "resolved": "https://registry.npmjs.org/define-property/-/define-property-0.2.5.tgz",
          "integrity": "sha1-w1se+RjsPJkPmlvFe+BKrOxcgRY=",
          "requires": {
            "is-descriptor": "0.1.6"
          }
        },
        "is-descriptor": {
          "version": "0.1.6",
          "resolved": "https://registry.npmjs.org/is-descriptor/-/is-descriptor-0.1.6.tgz",
          "integrity": "sha512-avDYr0SB3DwO9zsMov0gKCESFYqCnE4hq/4z3TdUlukEy5t9C0YRq7HLrsN52NAcqXKaepeCD0n+B0arnVG3Hg==",
          "requires": {
            "is-accessor-descriptor": "0.1.6",
            "is-data-descriptor": "0.1.4",
            "kind-of": "5.0.2"
          }
        },
        "kind-of": {
          "version": "5.0.2",
          "resolved": "https://registry.npmjs.org/kind-of/-/kind-of-5.0.2.tgz",
          "integrity": "sha512-ru8+TQHbN8956c7ZlkgK5Imjx0GMat3jN45GNIthpPeb+SzLrqSg/NG7llQtIqUTbrdu5Oi0lSnIoJmDTwwSzw=="
        }
      }
    },
    "collection-visit": {
      "version": "0.2.3",
      "resolved": "https://registry.npmjs.org/collection-visit/-/collection-visit-0.2.3.tgz",
      "integrity": "sha1-L2JIPK7MlfCDuaRUo+6eYTmteVc=",
      "requires": {
        "lazy-cache": "2.0.2",
        "map-visit": "0.1.5",
        "object-visit": "0.3.4"
      }
    },
    "colors": {
      "version": "1.1.2",
      "resolved": "https://registry.npmjs.org/colors/-/colors-1.1.2.tgz",
      "integrity": "sha1-FopHAXVran9RoSzgyXv6KMCE7WM="
    },
    "component-emitter": {
      "version": "1.2.1",
      "resolved": "https://registry.npmjs.org/component-emitter/-/component-emitter-1.2.1.tgz",
      "integrity": "sha1-E3kY1teCg/ffemt8WmPhQOaUJeY="
    },
    "copy-descriptor": {
      "version": "0.1.1",
      "resolved": "https://registry.npmjs.org/copy-descriptor/-/copy-descriptor-0.1.1.tgz",
      "integrity": "sha1-Z29us8OZl8LuGsOpJP1hJHSPV40="
    },
    "core-util-is": {
      "version": "1.0.2",
      "resolved": "https://registry.npmjs.org/core-util-is/-/core-util-is-1.0.2.tgz",
      "integrity": "sha1-tf1UIgqivFq1eqtxQMlAdUUDwac="
    },
    "debug": {
      "version": "2.6.8",
      "resolved": "https://registry.npmjs.org/debug/-/debug-2.6.8.tgz",
      "integrity": "sha1-5zFTHKLt4n0YgiJCfaF4IdaP9Pw=",
      "requires": {
        "ms": "2.0.0"
      }
    },
    "define-property": {
      "version": "1.0.0",
      "resolved": "https://registry.npmjs.org/define-property/-/define-property-1.0.0.tgz",
      "integrity": "sha1-dp66rz9KY6rTr56NMEybvnm/sOY=",
      "requires": {
        "is-descriptor": "1.0.1"
      }
    },
    "emojis-list": {
      "version": "2.1.0",
      "resolved": "https://registry.npmjs.org/emojis-list/-/emojis-list-2.1.0.tgz",
      "integrity": "sha1-TapNnbAPmBmIDHn6RXrlsJof04k="
    },
    "enhanced-resolve": {
      "version": "3.3.0",
      "resolved": "https://registry.npmjs.org/enhanced-resolve/-/enhanced-resolve-3.3.0.tgz",
      "integrity": "sha512-2qbxE7ek3YxPJ1ML6V+satHkzHpJQKWkRHmRx6mfAoW59yP8YH8BFplbegSP+u2hBd6B6KCOpvJQ3dZAP+hkpg==",
      "requires": {
        "graceful-fs": "4.1.11",
        "memory-fs": "0.4.1",
        "object-assign": "4.1.1",
        "tapable": "0.2.8"
      }
    },
    "errno": {
      "version": "0.1.4",
      "resolved": "https://registry.npmjs.org/errno/-/errno-0.1.4.tgz",
      "integrity": "sha1-uJbiOp5ei6M4cfyZar02NfyaHH0=",
      "requires": {
        "prr": "0.0.0"
      }
    },
    "expand-brackets": {
      "version": "2.1.4",
      "resolved": "https://registry.npmjs.org/expand-brackets/-/expand-brackets-2.1.4.tgz",
      "integrity": "sha1-t3c14xXOMPa27/D4OwQVGiJEliI=",
      "requires": {
        "debug": "2.6.8",
        "define-property": "0.2.5",
        "extend-shallow": "2.0.1",
        "posix-character-classes": "0.1.1",
        "regex-not": "1.0.0",
        "snapdragon": "0.8.1",
        "to-regex": "3.0.1"
      },
      "dependencies": {
        "define-property": {
          "version": "0.2.5",
          "resolved": "https://registry.npmjs.org/define-property/-/define-property-0.2.5.tgz",
          "integrity": "sha1-w1se+RjsPJkPmlvFe+BKrOxcgRY=",
          "requires": {
            "is-descriptor": "0.1.6"
          }
        },
        "is-descriptor": {
          "version": "0.1.6",
          "resolved": "https://registry.npmjs.org/is-descriptor/-/is-descriptor-0.1.6.tgz",
          "integrity": "sha512-avDYr0SB3DwO9zsMov0gKCESFYqCnE4hq/4z3TdUlukEy5t9C0YRq7HLrsN52NAcqXKaepeCD0n+B0arnVG3Hg==",
          "requires": {
            "is-accessor-descriptor": "0.1.6",
            "is-data-descriptor": "0.1.4",
            "kind-of": "5.0.2"
          }
        },
        "kind-of": {
          "version": "5.0.2",
          "resolved": "https://registry.npmjs.org/kind-of/-/kind-of-5.0.2.tgz",
          "integrity": "sha512-ru8+TQHbN8956c7ZlkgK5Imjx0GMat3jN45GNIthpPeb+SzLrqSg/NG7llQtIqUTbrdu5Oi0lSnIoJmDTwwSzw=="
        }
      }
    },
    "extend-shallow": {
      "version": "2.0.1",
      "resolved": "https://registry.npmjs.org/extend-shallow/-/extend-shallow-2.0.1.tgz",
      "integrity": "sha1-Ua99YUrZqfYQ6huvu5idaxxWiQ8=",
      "requires": {
        "is-extendable": "0.1.1"
      }
    },
    "extglob": {
      "version": "1.1.0",
      "resolved": "https://registry.npmjs.org/extglob/-/extglob-1.1.0.tgz",
      "integrity": "sha1-Bni04s5FwOTlD15er7Gw2rW05CQ=",
      "requires": {
        "array-unique": "0.3.2",
        "define-property": "0.2.5",
        "expand-brackets": "2.1.4",
        "extend-shallow": "2.0.1",
        "fragment-cache": "0.2.1",
        "regex-not": "1.0.0",
        "snapdragon": "0.8.1",
        "to-regex": "2.1.0"
      },
      "dependencies": {
        "define-property": {
          "version": "0.2.5",
          "resolved": "https://registry.npmjs.org/define-property/-/define-property-0.2.5.tgz",
          "integrity": "sha1-w1se+RjsPJkPmlvFe+BKrOxcgRY=",
          "requires": {
            "is-descriptor": "0.1.6"
          }
        },
        "is-descriptor": {
          "version": "0.1.6",
          "resolved": "https://registry.npmjs.org/is-descriptor/-/is-descriptor-0.1.6.tgz",
          "integrity": "sha512-avDYr0SB3DwO9zsMov0gKCESFYqCnE4hq/4z3TdUlukEy5t9C0YRq7HLrsN52NAcqXKaepeCD0n+B0arnVG3Hg==",
          "requires": {
            "is-accessor-descriptor": "0.1.6",
            "is-data-descriptor": "0.1.4",
            "kind-of": "5.0.2"
          }
        },
        "kind-of": {
          "version": "5.0.2",
          "resolved": "https://registry.npmjs.org/kind-of/-/kind-of-5.0.2.tgz",
          "integrity": "sha512-ru8+TQHbN8956c7ZlkgK5Imjx0GMat3jN45GNIthpPeb+SzLrqSg/NG7llQtIqUTbrdu5Oi0lSnIoJmDTwwSzw=="
        },
        "to-regex": {
          "version": "2.1.0",
          "resolved": "https://registry.npmjs.org/to-regex/-/to-regex-2.1.0.tgz",
          "integrity": "sha1-4606QM/hGVWaBa6kPkyu+sxekB0=",
          "requires": {
            "define-property": "0.2.5",
            "extend-shallow": "2.0.1",
            "regex-not": "0.1.2"
          },
          "dependencies": {
            "regex-not": {
              "version": "0.1.2",
              "resolved": "https://registry.npmjs.org/regex-not/-/regex-not-0.1.2.tgz",
              "integrity": "sha1-vH8cSUSxGINT0H3uuRK5TgreJds="
            }
          }
        }
      }
    },
    "fill-range": {
      "version": "4.0.0",
      "resolved": "https://registry.npmjs.org/fill-range/-/fill-range-4.0.0.tgz",
      "integrity": "sha1-1USBHUKPmOsGpj3EAtJAPDKMOPc=",
      "requires": {
        "extend-shallow": "2.0.1",
        "is-number": "3.0.0",
        "repeat-string": "1.6.1",
        "to-regex-range": "2.1.1"
      }
    },
    "for-in": {
      "version": "1.0.2",
      "resolved": "https://registry.npmjs.org/for-in/-/for-in-1.0.2.tgz",
      "integrity": "sha1-gQaNKVqBQuwKxybG4iAMMPttXoA="
    },
    "fragment-cache": {
      "version": "0.2.1",
      "resolved": "https://registry.npmjs.org/fragment-cache/-/fragment-cache-0.2.1.tgz",
      "integrity": "sha1-QpD60n8T6Jvn8zeZxrxaCr//DRk=",
      "requires": {
        "map-cache": "0.2.2"
      }
    },
    "get-value": {
      "version": "2.0.6",
      "resolved": "https://registry.npmjs.org/get-value/-/get-value-2.0.6.tgz",
      "integrity": "sha1-3BXKHGcjh8p2vTesCjlbogQqLCg="
    },
    "graceful-fs": {
      "version": "4.1.11",
      "resolved": "https://registry.npmjs.org/graceful-fs/-/graceful-fs-4.1.11.tgz",
      "integrity": "sha1-Dovf5NHduIVNZOBOp8AOKgJuVlg="
    },
    "has-value": {
      "version": "0.3.1",
      "resolved": "https://registry.npmjs.org/has-value/-/has-value-0.3.1.tgz",
      "integrity": "sha1-ex9YutpiyoJ+wKIHgCVlSEWZXh8=",
      "requires": {
        "get-value": "2.0.6",
        "has-values": "0.1.4",
        "isobject": "2.1.0"
      },
      "dependencies": {
        "isobject": {
          "version": "2.1.0",
          "resolved": "https://registry.npmjs.org/isobject/-/isobject-2.1.0.tgz",
          "integrity": "sha1-8GVWEJaj8dou9GJy+BXIQNh+DIk=",
          "requires": {
            "isarray": "1.0.0"
          }
        }
      }
    },
    "has-values": {
      "version": "0.1.4",
      "resolved": "https://registry.npmjs.org/has-values/-/has-values-0.1.4.tgz",
      "integrity": "sha1-bWHeldkd/Km5oCCJrThL/49it3E="
    },
    "inherits": {
      "version": "2.0.3",
      "resolved": "https://registry.npmjs.org/inherits/-/inherits-2.0.3.tgz",
      "integrity": "sha1-Yzwsg+PaQqUC9SRmAiSA9CCCYd4="
    },
    "is-accessor-descriptor": {
      "version": "0.1.6",
      "resolved": "https://registry.npmjs.org/is-accessor-descriptor/-/is-accessor-descriptor-0.1.6.tgz",
      "integrity": "sha1-qeEss66Nh2cn7u84Q/igiXtcmNY=",
      "requires": {
        "kind-of": "3.2.2"
      },
      "dependencies": {
        "kind-of": {
          "version": "3.2.2",
          "resolved": "https://registry.npmjs.org/kind-of/-/kind-of-3.2.2.tgz",
          "integrity": "sha1-MeohpzS6ubuw8yRm2JOupR5KPGQ=",
          "requires": {
            "is-buffer": "1.1.5"
          }
        }
      }
    },
    "is-buffer": {
      "version": "1.1.5",
      "resolved": "https://registry.npmjs.org/is-buffer/-/is-buffer-1.1.5.tgz",
      "integrity": "sha1-Hzsm72E7IUuIy8ojzGwB2Hlh7sw="
    },
    "is-data-descriptor": {
      "version": "0.1.4",
      "resolved": "https://registry.npmjs.org/is-data-descriptor/-/is-data-descriptor-0.1.4.tgz",
      "integrity": "sha1-C17mSDiOLIYCgueT8YVv7D8wG1Y=",
      "requires": {
        "kind-of": "3.2.2"
      },
      "dependencies": {
        "kind-of": {
          "version": "3.2.2",
          "resolved": "https://registry.npmjs.org/kind-of/-/kind-of-3.2.2.tgz",
          "integrity": "sha1-MeohpzS6ubuw8yRm2JOupR5KPGQ=",
          "requires": {
            "is-buffer": "1.1.5"
          }
        }
      }
    },
    "is-descriptor": {
      "version": "1.0.1",
      "resolved": "https://registry.npmjs.org/is-descriptor/-/is-descriptor-1.0.1.tgz",
      "integrity": "sha512-G3fFVFTqfaqu7r4YuSBHKBAuOaLz8Sy7ekklUpFEliaLMP1Y2ZjoN9jS62YWCAPQrQpMUQSitRlrzibbuCZjdA==",
      "requires": {
        "is-accessor-descriptor": "0.1.6",
        "is-data-descriptor": "0.1.4",
        "kind-of": "5.0.2"
      },
      "dependencies": {
        "kind-of": {
          "version": "5.0.2",
          "resolved": "https://registry.npmjs.org/kind-of/-/kind-of-5.0.2.tgz",
          "integrity": "sha512-ru8+TQHbN8956c7ZlkgK5Imjx0GMat3jN45GNIthpPeb+SzLrqSg/NG7llQtIqUTbrdu5Oi0lSnIoJmDTwwSzw=="
        }
      }
    },
    "is-extendable": {
      "version": "0.1.1",
      "resolved": "https://registry.npmjs.org/is-extendable/-/is-extendable-0.1.1.tgz",
      "integrity": "sha1-YrEQ4omkcUGOPsNqYX1HLjAd/Ik="
    },
    "is-extglob": {
      "version": "2.1.1",
      "resolved": "https://registry.npmjs.org/is-extglob/-/is-extglob-2.1.1.tgz",
      "integrity": "sha1-qIwCU1eR8C7TfHahueqXc8gz+MI="
    },
    "is-number": {
      "version": "3.0.0",
      "resolved": "https://registry.npmjs.org/is-number/-/is-number-3.0.0.tgz",
      "integrity": "sha1-JP1iAaR4LPUFYcgQJ2r8fRLXEZU=",
      "requires": {
        "kind-of": "3.2.2"
      },
      "dependencies": {
        "kind-of": {
          "version": "3.2.2",
          "resolved": "https://registry.npmjs.org/kind-of/-/kind-of-3.2.2.tgz",
          "integrity": "sha1-MeohpzS6ubuw8yRm2JOupR5KPGQ=",
          "requires": {
            "is-buffer": "1.1.5"
          }
        }
      }
    },
    "is-odd": {
      "version": "1.0.0",
      "resolved": "https://registry.npmjs.org/is-odd/-/is-odd-1.0.0.tgz",
      "integrity": "sha1-O4qTLrAos3dcObsJ6RdnrM22kIg=",
      "requires": {
        "is-number": "3.0.0"
      }
    },
    "is-plain-object": {
      "version": "2.0.4",
      "resolved": "https://registry.npmjs.org/is-plain-object/-/is-plain-object-2.0.4.tgz",
      "integrity": "sha512-h5PpgXkWitc38BBMYawTYMWJHFZJVnBquFE57xFpjB8pJFiF6gZ+bU+WyI/yqXiFR5mdLsgYNaPe8uao6Uv9Og==",
      "requires": {
        "isobject": "3.0.1"
      }
    },
    "isarray": {
      "version": "1.0.0",
      "resolved": "https://registry.npmjs.org/isarray/-/isarray-1.0.0.tgz",
      "integrity": "sha1-u5NdSFgsuhaMBoNJV6VKPgcSTxE="
    },
    "isobject": {
      "version": "3.0.1",
      "resolved": "https://registry.npmjs.org/isobject/-/isobject-3.0.1.tgz",
      "integrity": "sha1-TkMekrEalzFjaqH5yNHMvP2reN8="
    },
    "json5": {
      "version": "0.5.1",
      "resolved": "https://registry.npmjs.org/json5/-/json5-0.5.1.tgz",
      "integrity": "sha1-Hq3nrMASA0rYTiOWdn6tn6VJWCE="
    },
    "kind-of": {
      "version": "4.0.0",
      "resolved": "https://registry.npmjs.org/kind-of/-/kind-of-4.0.0.tgz",
      "integrity": "sha1-IIE989cSkosgc3hpGkUGb65y3Vc=",
      "requires": {
        "is-buffer": "1.1.5"
      }
    },
    "lazy-cache": {
      "version": "2.0.2",
      "resolved": "https://registry.npmjs.org/lazy-cache/-/lazy-cache-2.0.2.tgz",
      "integrity": "sha1-uRkKT5EzVGlIQIWfio9whNiCImQ=",
      "requires": {
        "set-getter": "0.1.0"
      }
    },
    "loader-utils": {
      "version": "1.1.0",
      "resolved": "https://registry.npmjs.org/loader-utils/-/loader-utils-1.1.0.tgz",
      "integrity": "sha1-yYrvSIvM7aL/teLeZG1qdUQp9c0=",
      "requires": {
        "big.js": "3.1.3",
        "emojis-list": "2.1.0",
        "json5": "0.5.1"
      }
    },
    "lodash": {
      "version": "4.17.4",
      "resolved": "https://registry.npmjs.org/lodash/-/lodash-4.17.4.tgz",
      "integrity": "sha1-eCA6TRwyiuHYbcpkYONptX9AVa4="
    },
    "map-cache": {
      "version": "0.2.2",
      "resolved": "https://registry.npmjs.org/map-cache/-/map-cache-0.2.2.tgz",
      "integrity": "sha1-wyq9C9ZSXZsFFkW7TyasXcmKDb8="
    },
    "map-visit": {
      "version": "0.1.5",
      "resolved": "https://registry.npmjs.org/map-visit/-/map-visit-0.1.5.tgz",
      "integrity": "sha1-2+Q5J85VJbgN/BVzpE1oxR8mgWs=",
      "requires": {
        "lazy-cache": "2.0.2",
        "object-visit": "0.3.4"
      }
    },
    "memory-fs": {
      "version": "0.4.1",
      "resolved": "https://registry.npmjs.org/memory-fs/-/memory-fs-0.4.1.tgz",
      "integrity": "sha1-OpoguEYlI+RHz7x+i7gO1me/xVI=",
      "requires": {
        "errno": "0.1.4",
        "readable-stream": "2.3.3"
      }
    },
    "micromatch": {
      "version": "3.0.4",
      "resolved": "https://registry.npmjs.org/micromatch/-/micromatch-3.0.4.tgz",
      "integrity": "sha1-FUPx0EgTRHrIUgAcX1qTNAF4bR0=",
      "requires": {
        "arr-diff": "4.0.0",
        "array-unique": "0.3.2",
        "braces": "2.2.2",
        "define-property": "1.0.0",
        "extend-shallow": "2.0.1",
        "extglob": "1.1.0",
        "fragment-cache": "0.2.1",
        "kind-of": "4.0.0",
        "nanomatch": "1.2.0",
        "object.pick": "1.2.0",
        "regex-not": "1.0.0",
        "snapdragon": "0.8.1",
        "to-regex": "3.0.1"
      }
    },
    "minimist": {
      "version": "0.0.8",
      "resolved": "https://registry.npmjs.org/minimist/-/minimist-0.0.8.tgz",
      "integrity": "sha1-hX/Kv8M5fSYluCKCYuhqp6ARsF0="
    },
    "mixin-deep": {
      "version": "1.2.0",
      "resolved": "https://registry.npmjs.org/mixin-deep/-/mixin-deep-1.2.0.tgz",
      "integrity": "sha1-0CuMb4ttS49ZgtP9AJxJGYUcP+I=",
      "requires": {
        "for-in": "1.0.2",
        "is-extendable": "0.1.1"
      }
    },
    "mkdirp": {
      "version": "0.5.1",
      "resolved": "https://registry.npmjs.org/mkdirp/-/mkdirp-0.5.1.tgz",
      "integrity": "sha1-MAV0OOrGz3+MR2fzhkjWaX11yQM=",
      "requires": {
        "minimist": "0.0.8"
      }
    },
    "ms": {
      "version": "2.0.0",
      "resolved": "https://registry.npmjs.org/ms/-/ms-2.0.0.tgz",
      "integrity": "sha1-VgiurfwAvmwpAd9fmGF4jeDVl8g="
    },
    "nanomatch": {
      "version": "1.2.0",
      "resolved": "https://registry.npmjs.org/nanomatch/-/nanomatch-1.2.0.tgz",
      "integrity": "sha1-dv2z1K52F+N3GeekBHuECFfAyxw=",
      "requires": {
        "arr-diff": "4.0.0",
        "array-unique": "0.3.2",
        "define-property": "1.0.0",
        "extend-shallow": "2.0.1",
        "fragment-cache": "0.2.1",
        "is-extglob": "2.1.1",
        "is-odd": "1.0.0",
        "kind-of": "4.0.0",
        "object.pick": "1.2.0",
        "regex-not": "1.0.0",
        "snapdragon": "0.8.1",
        "to-regex": "3.0.1"
      }
    },
    "object-assign": {
      "version": "4.1.1",
      "resolved": "https://registry.npmjs.org/object-assign/-/object-assign-4.1.1.tgz",
      "integrity": "sha1-IQmtx5ZYh8/AXLvUQsrIv7s2CGM="
    },
    "object-copy": {
      "version": "0.1.0",
      "resolved": "https://registry.npmjs.org/object-copy/-/object-copy-0.1.0.tgz",
      "integrity": "sha1-fn2Fi3gb18mRpBupde04EnVOmYw=",
      "requires": {
        "copy-descriptor": "0.1.1",
        "define-property": "0.2.5",
        "kind-of": "3.2.2"
      },
      "dependencies": {
        "define-property": {
          "version": "0.2.5",
          "resolved": "https://registry.npmjs.org/define-property/-/define-property-0.2.5.tgz",
          "integrity": "sha1-w1se+RjsPJkPmlvFe+BKrOxcgRY=",
          "requires": {
            "is-descriptor": "0.1.6"
          }
        },
        "is-descriptor": {
          "version": "0.1.6",
          "resolved": "https://registry.npmjs.org/is-descriptor/-/is-descriptor-0.1.6.tgz",
          "integrity": "sha512-avDYr0SB3DwO9zsMov0gKCESFYqCnE4hq/4z3TdUlukEy5t9C0YRq7HLrsN52NAcqXKaepeCD0n+B0arnVG3Hg==",
          "requires": {
            "is-accessor-descriptor": "0.1.6",
            "is-data-descriptor": "0.1.4",
            "kind-of": "5.0.2"
          },
          "dependencies": {
            "kind-of": {
              "version": "5.0.2",
              "resolved": "https://registry.npmjs.org/kind-of/-/kind-of-5.0.2.tgz",
              "integrity": "sha512-ru8+TQHbN8956c7ZlkgK5Imjx0GMat3jN45GNIthpPeb+SzLrqSg/NG7llQtIqUTbrdu5Oi0lSnIoJmDTwwSzw=="
            }
          }
        },
        "kind-of": {
          "version": "3.2.2",
          "resolved": "https://registry.npmjs.org/kind-of/-/kind-of-3.2.2.tgz",
          "integrity": "sha1-MeohpzS6ubuw8yRm2JOupR5KPGQ=",
          "requires": {
            "is-buffer": "1.1.5"
          }
        }
      }
    },
    "object-visit": {
      "version": "0.3.4",
      "resolved": "https://registry.npmjs.org/object-visit/-/object-visit-0.3.4.tgz",
      "integrity": "sha1-rhXPhvCy/dVRdxY2RIRSxUw9qCk=",
      "requires": {
        "isobject": "2.1.0"
      },
      "dependencies": {
        "isobject": {
          "version": "2.1.0",
          "resolved": "https://registry.npmjs.org/isobject/-/isobject-2.1.0.tgz",
          "integrity": "sha1-8GVWEJaj8dou9GJy+BXIQNh+DIk=",
          "requires": {
            "isarray": "1.0.0"
          }
        }
      }
    },
    "object.pick": {
      "version": "1.2.0",
      "resolved": "https://registry.npmjs.org/object.pick/-/object.pick-1.2.0.tgz",
      "integrity": "sha1-tTkr7peC2m2ft9avr1OXefEjTCs=",
      "requires": {
        "isobject": "2.1.0"
      },
      "dependencies": {
        "isobject": {
          "version": "2.1.0",
          "resolved": "https://registry.npmjs.org/isobject/-/isobject-2.1.0.tgz",
          "integrity": "sha1-8GVWEJaj8dou9GJy+BXIQNh+DIk=",
          "requires": {
            "isarray": "1.0.0"
          }
        }
      }
    },
    "pascalcase": {
      "version": "0.1.1",
      "resolved": "https://registry.npmjs.org/pascalcase/-/pascalcase-0.1.1.tgz",
      "integrity": "sha1-s2PlXoAGym/iF4TS2yK9FdeRfxQ="
    },
    "posix-character-classes": {
      "version": "0.1.1",
      "resolved": "https://registry.npmjs.org/posix-character-classes/-/posix-character-classes-0.1.1.tgz",
      "integrity": "sha1-AerA/jta9xoqbAL+q7jB/vfgDqs="
    },
    "process-nextick-args": {
      "version": "1.0.7",
      "resolved": "https://registry.npmjs.org/process-nextick-args/-/process-nextick-args-1.0.7.tgz",
      "integrity": "sha1-FQ4gt1ZZCtP5EJPyWk8q2L/zC6M="
    },
    "prr": {
      "version": "0.0.0",
      "resolved": "https://registry.npmjs.org/prr/-/prr-0.0.0.tgz",
      "integrity": "sha1-GoS4WQgyVQFBGFPQCB7j+obikmo="
    },
    "readable-stream": {
      "version": "2.3.3",
      "resolved": "https://registry.npmjs.org/readable-stream/-/readable-stream-2.3.3.tgz",
      "integrity": "sha512-m+qzzcn7KUxEmd1gMbchF+Y2eIUbieUaxkWtptyHywrX0rE8QEYqPC07Vuy4Wm32/xE16NcdBctb8S0Xe/5IeQ==",
      "requires": {
        "core-util-is": "1.0.2",
        "inherits": "2.0.3",
        "isarray": "1.0.0",
        "process-nextick-args": "1.0.7",
        "safe-buffer": "5.1.1",
        "string_decoder": "1.0.3",
        "util-deprecate": "1.0.2"
      }
    },
    "regex-not": {
      "version": "1.0.0",
      "resolved": "https://registry.npmjs.org/regex-not/-/regex-not-1.0.0.tgz",
      "integrity": "sha1-Qvg+OXcWIt+CawKvF2Ul1qXxV/k=",
      "requires": {
        "extend-shallow": "2.0.1"
      }
    },
    "repeat-element": {
      "version": "1.1.2",
      "resolved": "https://registry.npmjs.org/repeat-element/-/repeat-element-1.1.2.tgz",
      "integrity": "sha1-7wiaF40Ug7quTZPrmLT55OEdmQo="
    },
    "repeat-string": {
      "version": "1.6.1",
      "resolved": "https://registry.npmjs.org/repeat-string/-/repeat-string-1.6.1.tgz",
      "integrity": "sha1-jcrkcOHIirwtYA//Sndihtp15jc="
    },
    "resolve-url": {
      "version": "0.2.1",
      "resolved": "https://registry.npmjs.org/resolve-url/-/resolve-url-0.2.1.tgz",
      "integrity": "sha1-LGN/53yJOv0qZj/iGqkIAGjiBSo="
    },
    "safe-buffer": {
      "version": "5.1.1",
      "resolved": "https://registry.npmjs.org/safe-buffer/-/safe-buffer-5.1.1.tgz",
      "integrity": "sha512-kKvNJn6Mm93gAczWVJg7wH+wGYWNrDHdWvpUmHyEsgCtIwwo3bqPtV4tR5tuPaUhTOo/kvhVwd8XwwOllGYkbg=="
    },
    "set-getter": {
      "version": "0.1.0",
      "resolved": "https://registry.npmjs.org/set-getter/-/set-getter-0.1.0.tgz",
      "integrity": "sha1-12nBgsnVpR9AkUXy+6guXoboA3Y=",
      "requires": {
        "to-object-path": "0.3.0"
      }
    },
    "set-value": {
      "version": "0.4.3",
      "resolved": "https://registry.npmjs.org/set-value/-/set-value-0.4.3.tgz",
      "integrity": "sha1-fbCPnT0i3H945Trzw79GZuzfzPE=",
      "requires": {
        "extend-shallow": "2.0.1",
        "is-extendable": "0.1.1",
        "is-plain-object": "2.0.4",
        "to-object-path": "0.3.0"
      }
    },
    "snapdragon": {
      "version": "0.8.1",
      "resolved": "https://registry.npmjs.org/snapdragon/-/snapdragon-0.8.1.tgz",
      "integrity": "sha1-4StUh/re0+PeoKyR6UAL91tAE3A=",
      "requires": {
        "base": "0.11.1",
        "debug": "2.6.8",
        "define-property": "0.2.5",
        "extend-shallow": "2.0.1",
        "map-cache": "0.2.2",
        "source-map": "0.5.6",
        "source-map-resolve": "0.5.0",
        "use": "2.0.2"
      },
      "dependencies": {
        "define-property": {
          "version": "0.2.5",
          "resolved": "https://registry.npmjs.org/define-property/-/define-property-0.2.5.tgz",
          "integrity": "sha1-w1se+RjsPJkPmlvFe+BKrOxcgRY=",
          "requires": {
            "is-descriptor": "0.1.6"
          }
        },
        "is-descriptor": {
          "version": "0.1.6",
          "resolved": "https://registry.npmjs.org/is-descriptor/-/is-descriptor-0.1.6.tgz",
          "integrity": "sha512-avDYr0SB3DwO9zsMov0gKCESFYqCnE4hq/4z3TdUlukEy5t9C0YRq7HLrsN52NAcqXKaepeCD0n+B0arnVG3Hg==",
          "requires": {
            "is-accessor-descriptor": "0.1.6",
            "is-data-descriptor": "0.1.4",
            "kind-of": "5.0.2"
          }
        },
        "kind-of": {
          "version": "5.0.2",
          "resolved": "https://registry.npmjs.org/kind-of/-/kind-of-5.0.2.tgz",
          "integrity": "sha512-ru8+TQHbN8956c7ZlkgK5Imjx0GMat3jN45GNIthpPeb+SzLrqSg/NG7llQtIqUTbrdu5Oi0lSnIoJmDTwwSzw=="
        }
      }
    },
    "snapdragon-node": {
      "version": "2.1.1",
      "resolved": "https://registry.npmjs.org/snapdragon-node/-/snapdragon-node-2.1.1.tgz",
      "integrity": "sha512-O27l4xaMYt/RSQ5TR3vpWCAB5Kb/czIcqUFOM/C4fYcLnbZUc1PkjTAMjof2pBWaSTwOUd6qUHcFGVGj7aIwnw==",
      "requires": {
        "define-property": "1.0.0",
        "isobject": "3.0.1",
        "snapdragon-util": "3.0.1"
      }
    },
    "snapdragon-util": {
      "version": "3.0.1",
      "resolved": "https://registry.npmjs.org/snapdragon-util/-/snapdragon-util-3.0.1.tgz",
      "integrity": "sha512-mbKkMdQKsjX4BAL4bRYTj21edOf8cN7XHdYUJEe+Zn99hVEYcMvKPct1IqNe7+AZPirn8BCDOQBHQZknqmKlZQ==",
      "requires": {
        "kind-of": "3.2.2"
      },
      "dependencies": {
        "kind-of": {
          "version": "3.2.2",
          "resolved": "https://registry.npmjs.org/kind-of/-/kind-of-3.2.2.tgz",
          "integrity": "sha1-MeohpzS6ubuw8yRm2JOupR5KPGQ=",
          "requires": {
            "is-buffer": "1.1.5"
          }
        }
      }
    },
    "source-map": {
      "version": "0.5.6",
      "resolved": "https://registry.npmjs.org/source-map/-/source-map-0.5.6.tgz",
      "integrity": "sha1-dc449SvwczxafwwRjYEzSiu19BI="
    },
    "source-map-resolve": {
      "version": "0.5.0",
      "resolved": "https://registry.npmjs.org/source-map-resolve/-/source-map-resolve-0.5.0.tgz",
      "integrity": "sha1-/K0LZLcK+ydpnkJZUMtevNQQvCA=",
      "requires": {
        "atob": "2.0.3",
        "resolve-url": "0.2.1",
        "source-map-url": "0.4.0",
        "urix": "0.1.0"
      }
    },
    "source-map-support": {
      "version": "0.4.15",
      "resolved": "https://registry.npmjs.org/source-map-support/-/source-map-support-0.4.15.tgz",
      "integrity": "sha1-AyAt9lwG0r2MfsI2KhkwVv7407E=",
      "requires": {
        "source-map": "0.5.6"
      }
    },
    "source-map-url": {
      "version": "0.4.0",
      "resolved": "https://registry.npmjs.org/source-map-url/-/source-map-url-0.4.0.tgz",
      "integrity": "sha1-PpNdfd1zYxuXZZlW1VEo6HtQhKM="
    },
    "split-string": {
      "version": "2.1.1",
      "resolved": "https://registry.npmjs.org/split-string/-/split-string-2.1.1.tgz",
      "integrity": "sha1-r0sG2CFWBCZEbDzZMc2mGJQNN9A=",
      "requires": {
        "extend-shallow": "2.0.1"
      }
    },
    "static-extend": {
      "version": "0.1.2",
      "resolved": "https://registry.npmjs.org/static-extend/-/static-extend-0.1.2.tgz",
      "integrity": "sha1-YICcOcv/VTNyJv1eC1IPNB8ftcY=",
      "requires": {
        "define-property": "0.2.5",
        "object-copy": "0.1.0"
      },
      "dependencies": {
        "define-property": {
          "version": "0.2.5",
          "resolved": "https://registry.npmjs.org/define-property/-/define-property-0.2.5.tgz",
          "integrity": "sha1-w1se+RjsPJkPmlvFe+BKrOxcgRY=",
          "requires": {
            "is-descriptor": "0.1.6"
          }
        },
        "is-descriptor": {
          "version": "0.1.6",
          "resolved": "https://registry.npmjs.org/is-descriptor/-/is-descriptor-0.1.6.tgz",
          "integrity": "sha512-avDYr0SB3DwO9zsMov0gKCESFYqCnE4hq/4z3TdUlukEy5t9C0YRq7HLrsN52NAcqXKaepeCD0n+B0arnVG3Hg==",
          "requires": {
            "is-accessor-descriptor": "0.1.6",
            "is-data-descriptor": "0.1.4",
            "kind-of": "5.0.2"
          }
        },
        "kind-of": {
          "version": "5.0.2",
          "resolved": "https://registry.npmjs.org/kind-of/-/kind-of-5.0.2.tgz",
          "integrity": "sha512-ru8+TQHbN8956c7ZlkgK5Imjx0GMat3jN45GNIthpPeb+SzLrqSg/NG7llQtIqUTbrdu5Oi0lSnIoJmDTwwSzw=="
        }
      }
    },
    "string_decoder": {
      "version": "1.0.3",
      "resolved": "https://registry.npmjs.org/string_decoder/-/string_decoder-1.0.3.tgz",
      "integrity": "sha512-4AH6Z5fzNNBcH+6XDMfA/BTt87skxqJlO0lAh3Dker5zThcAxG6mKz+iGu308UKoPPQ8Dcqx/4JhujzltRa+hQ==",
      "requires": {
        "safe-buffer": "5.1.1"
      }
    },
    "tapable": {
      "version": "0.2.8",
      "resolved": "https://registry.npmjs.org/tapable/-/tapable-0.2.8.tgz",
      "integrity": "sha1-mTcqXJmb8t8WCvwNdL7U9HlIzSI="
    },
    "to-object-path": {
      "version": "0.3.0",
      "resolved": "https://registry.npmjs.org/to-object-path/-/to-object-path-0.3.0.tgz",
      "integrity": "sha1-KXWIt7Dn4KwI4E5nL4XB9JmeF68=",
      "requires": {
        "kind-of": "3.2.2"
      },
      "dependencies": {
        "kind-of": {
          "version": "3.2.2",
          "resolved": "https://registry.npmjs.org/kind-of/-/kind-of-3.2.2.tgz",
          "integrity": "sha1-MeohpzS6ubuw8yRm2JOupR5KPGQ=",
          "requires": {
            "is-buffer": "1.1.5"
          }
        }
      }
    },
    "to-regex": {
      "version": "3.0.1",
      "resolved": "https://registry.npmjs.org/to-regex/-/to-regex-3.0.1.tgz",
      "integrity": "sha1-FTWL7kosg712N3uh3ASdDxiDeq4=",
      "requires": {
        "define-property": "0.2.5",
        "extend-shallow": "2.0.1",
        "regex-not": "1.0.0"
      },
      "dependencies": {
        "define-property": {
          "version": "0.2.5",
          "resolved": "https://registry.npmjs.org/define-property/-/define-property-0.2.5.tgz",
          "integrity": "sha1-w1se+RjsPJkPmlvFe+BKrOxcgRY=",
          "requires": {
            "is-descriptor": "0.1.6"
          }
        },
        "is-descriptor": {
          "version": "0.1.6",
          "resolved": "https://registry.npmjs.org/is-descriptor/-/is-descriptor-0.1.6.tgz",
          "integrity": "sha512-avDYr0SB3DwO9zsMov0gKCESFYqCnE4hq/4z3TdUlukEy5t9C0YRq7HLrsN52NAcqXKaepeCD0n+B0arnVG3Hg==",
          "requires": {
            "is-accessor-descriptor": "0.1.6",
            "is-data-descriptor": "0.1.4",
            "kind-of": "5.0.2"
          }
        },
        "kind-of": {
          "version": "5.0.2",
          "resolved": "https://registry.npmjs.org/kind-of/-/kind-of-5.0.2.tgz",
          "integrity": "sha512-ru8+TQHbN8956c7ZlkgK5Imjx0GMat3jN45GNIthpPeb+SzLrqSg/NG7llQtIqUTbrdu5Oi0lSnIoJmDTwwSzw=="
        }
      }
    },
    "to-regex-range": {
      "version": "2.1.1",
      "resolved": "https://registry.npmjs.org/to-regex-range/-/to-regex-range-2.1.1.tgz",
      "integrity": "sha1-fIDBe53+vlmeJzZ+DU3VWQFB2zg=",
      "requires": {
        "is-number": "3.0.0",
        "repeat-string": "1.6.1"
      }
    },
    "typescript": {
      "version": "2.5.3",
      "resolved": "https://registry.npmjs.org/typescript/-/typescript-2.5.3.tgz",
      "integrity": "sha512-ptLSQs2S4QuS6/OD1eAKG+S5G8QQtrU5RT32JULdZQtM1L3WTi34Wsu48Yndzi8xsObRAB9RPt/KhA9wlpEF6w=="
    },
    "union-value": {
      "version": "0.2.4",
      "resolved": "https://registry.npmjs.org/union-value/-/union-value-0.2.4.tgz",
      "integrity": "sha1-c3UVJ4ZnkFfns3qmdug0aPwCdPA=",
      "requires": {
        "arr-union": "3.1.0",
        "get-value": "2.0.6",
        "is-extendable": "0.1.1",
        "set-value": "0.4.3"
      }
    },
    "unset-value": {
      "version": "0.1.2",
      "resolved": "https://registry.npmjs.org/unset-value/-/unset-value-0.1.2.tgz",
      "integrity": "sha1-UGgQuGfyfCpabpsEgzYx9t5Y0xA=",
      "requires": {
        "has-value": "0.3.1",
        "isobject": "3.0.1"
      }
    },
    "urix": {
      "version": "0.1.0",
      "resolved": "https://registry.npmjs.org/urix/-/urix-0.1.0.tgz",
      "integrity": "sha1-2pN/emLiH+wf0Y1Js1wpNQZ6bHI="
    },
    "use": {
      "version": "2.0.2",
      "resolved": "https://registry.npmjs.org/use/-/use-2.0.2.tgz",
      "integrity": "sha1-riig1y+TvyJCKhii43mZMRLeyOg=",
      "requires": {
        "define-property": "0.2.5",
        "isobject": "3.0.1",
        "lazy-cache": "2.0.2"
      },
      "dependencies": {
        "define-property": {
          "version": "0.2.5",
          "resolved": "https://registry.npmjs.org/define-property/-/define-property-0.2.5.tgz",
          "integrity": "sha1-w1se+RjsPJkPmlvFe+BKrOxcgRY=",
          "requires": {
            "is-descriptor": "0.1.6"
          }
        },
        "is-descriptor": {
          "version": "0.1.6",
          "resolved": "https://registry.npmjs.org/is-descriptor/-/is-descriptor-0.1.6.tgz",
          "integrity": "sha512-avDYr0SB3DwO9zsMov0gKCESFYqCnE4hq/4z3TdUlukEy5t9C0YRq7HLrsN52NAcqXKaepeCD0n+B0arnVG3Hg==",
          "requires": {
            "is-accessor-descriptor": "0.1.6",
            "is-data-descriptor": "0.1.4",
            "kind-of": "5.0.2"
          }
        },
        "kind-of": {
          "version": "5.0.2",
          "resolved": "https://registry.npmjs.org/kind-of/-/kind-of-5.0.2.tgz",
          "integrity": "sha512-ru8+TQHbN8956c7ZlkgK5Imjx0GMat3jN45GNIthpPeb+SzLrqSg/NG7llQtIqUTbrdu5Oi0lSnIoJmDTwwSzw=="
        }
      }
    },
    "util-deprecate": {
      "version": "1.0.2",
      "resolved": "https://registry.npmjs.org/util-deprecate/-/util-deprecate-1.0.2.tgz",
      "integrity": "sha1-RQ1Nyfpw3nMnYvvS1KKJgUGaDM8="
    }
  }
}
